
Microsoft Visual Studio Solution File, Format Version 12.00
# Visual Studio 14
VisualStudioVersion = 14.0.23107.0
MinimumVisualStudioVersion = 10.0.40219.1
Project("{FAE04EC0-301F-11D3-BF4B-00C04F79EFBC}") = "EVARest", "EVARest\EVARest.csproj", "{A0561455-6A6B-409D-A709-B3A46E181502}"
EndProject
Project("{FAE04EC0-301F-11D3-BF4B-00C04F79EFBC}") = "JsonToDb", "JsonToDb\JsonToDb.csproj", "{741AF9D0-9312-476C-B4AF-B4D0A4542247}"
EndProject
Global
	GlobalSection(SolutionConfigurationPlatforms) = preSolution
		Debug|Any CPU = Debug|Any CPU
		Release|Any CPU = Release|Any CPU
	EndGlobalSection
	GlobalSection(ProjectConfigurationPlatforms) = postSolution
		{A0561455-6A6B-409D-A709-B3A46E181502}.Debug|Any CPU.ActiveCfg = Debug|Any CPU
		{A0561455-6A6B-409D-A709-B3A46E181502}.Debug|Any CPU.Build.0 = Debug|Any CPU
		{A0561455-6A6B-409D-A709-B3A46E181502}.Release|Any CPU.ActiveCfg = Release|Any CPU
		{A0561455-6A6B-409D-A709-B3A46E181502}.Release|Any CPU.Build.0 = Release|Any CPU
		{741AF9D0-9312-476C-B4AF-B4D0A4542247}.Debug|Any CPU.ActiveCfg = Debug|Any CPU
		{741AF9D0-9312-476C-B4AF-B4D0A4542247}.Debug|Any CPU.Build.0 = Debug|Any CPU
		{741AF9D0-9312-476C-B4AF-B4D0A4542247}.Release|Any CPU.ActiveCfg = Release|Any CPU
		{741AF9D0-9312-476C-B4AF-B4D0A4542247}.Release|Any CPU.Build.0 = Release|Any CPU
	EndGlobalSection
	GlobalSection(SolutionProperties) = preSolution
		HideSolutionNode = FALSE
	EndGlobalSection
EndGlobal
